
Microsoft Visual Studio Solution File, Format Version 12.00
# Visual Studio Version 17
VisualStudioVersion = 17.6.33815.320
MinimumVisualStudioVersion = 10.0.40219.1
Project("{FAE04EC0-301F-11D3-BF4B-00C04F79EFBC}") = "Topic 9 - Making Player Class", "Topic 9 - Making Player Class.csproj", "{AAF2D386-84C4-4C19-A837-39C65B84CA7B}"
EndProject
Global
	GlobalSection(SolutionConfigurationPlatforms) = preSolution
		Debug|Any CPU = Debug|Any CPU
		Release|Any CPU = Release|Any CPU
	EndGlobalSection
	GlobalSection(ProjectConfigurationPlatforms) = postSolution
		{AAF2D386-84C4-4C19-A837-39C65B84CA7B}.Debug|Any CPU.ActiveCfg = Debug|Any CPU
		{AAF2D386-84C4-4C19-A837-39C65B84CA7B}.Debug|Any CPU.Build.0 = Debug|Any CPU
		{AAF2D386-84C4-4C19-A837-39C65B84CA7B}.Release|Any CPU.ActiveCfg = Release|Any CPU
		{AAF2D386-84C4-4C19-A837-39C65B84CA7B}.Release|Any CPU.Build.0 = Release|Any CPU
	EndGlobalSection
	GlobalSection(SolutionProperties) = preSolution
		HideSolutionNode = FALSE
	EndGlobalSection
	GlobalSection(ExtensibilityGlobals) = postSolution
		SolutionGuid = {54F5FDBB-F80A-4DE0-BAF0-F861FE12AD73}
	EndGlobalSection
EndGlobal
